{
  "nodes": {
    "home-manager": {
      "inputs": {
        "nixpkgs": [
          "nixpkgs"
        ]
      },
      "locked": {
        "lastModified": 1624228557,
        "narHash": "sha256-wwOqe73BsrXfRv1PhyXQFNC8iTET50KvE/HitdkRgxs=",
        "owner": "nix-community",
        "repo": "home-manager",
        "rev": "35a24648d155843a4d162de98c17b1afd5db51e4",
        "type": "github"
      },
      "original": {
        "owner": "nix-community",
        "ref": "release-21.05",
        "repo": "home-manager",
        "type": "github"
      }
    },
    "hub-dotfiles": {
      "inputs": {
        "nixpkgs": [
          "nixpkgs"
        ],
        "nur": "nur"
      },
      "locked": {
        "lastModified": 1635087800,
        "narHash": "sha256-KMYnYXa4jvYQ11MTMN+7fX/4GmViJx0q6izlsPvQhK4=",
        "owner": "behaghel",
        "repo": "dotfiles",
        "rev": "5797252b8aad001f55cf3e97e676a09b7b40f94e",
        "type": "github"
      },
      "original": {
        "owner": "behaghel",
        "repo": "dotfiles",
        "type": "github"
      }
    },
    "nixpkgs": {
      "locked": {
        "lastModified": 1625905697,
        "narHash": "sha256-gM4sBtguedJrQorU+YzT64/yTdm8Dzyzk4zHfhVqwFc=",
        "owner": "NixOS",
        "repo": "nixpkgs",
        "rev": "54db964a8b8505d0ea2b0c6dee9e6e51bf05246c",
        "type": "github"
      },
      "original": {
        "id": "nixpkgs",
        "ref": "nixos-21.05-small",
        "type": "indirect"
      }
    },
    "nur": {
      "locked": {
        "lastModified": 1635061961,
        "narHash": "sha256-5NqbwkGi4EGobrYZYqsWKjpfqCJn0dIn0NWj625RSKc=",
        "owner": "nix-community",
        "repo": "NUR",
        "rev": "f50850b1e860a87ae725bf9209fbdc6fb0a9657c",
        "type": "github"
      },
      "original": {
        "owner": "nix-community",
        "repo": "NUR",
        "type": "github"
      }
    },
    "root": {
      "inputs": {
        "home-manager": "home-manager",
        "hub-dotfiles": "hub-dotfiles",
        "nixpkgs": "nixpkgs"
      }
    }
  },
  "root": "root",
  "version": 7
}
