{
  "nodes": {
    "nixpkgs": {
      "locked": {
        "lastModified": 1625161130,
        "narHash": "sha256-xD1h9UB654EFT3SJO1iaP1zQ/pFsbbG3AnlEuxokLoU=",
        "owner": "NixOS",
        "repo": "nixpkgs",
        "rev": "9e2a8a2f4a93a27e005dafe0dd6ed9524cc03d2b",
        "type": "github"
      },
      "original": {
        "id": "nixpkgs",
        "type": "indirect"
      }
    },
    "root": {
      "inputs": {
        "nixpkgs": "nixpkgs"
      }
    }
  },
  "root": "root",
  "version": 7
}
